
Microsoft Visual Studio Solution File, Format Version 12.00
Project("{FAE04EC0-301F-11D3-BF4B-00C04F79EFBC}") = "Flexify", "Flexify\Flexify.csproj", "{FC4B06C2-C0C1-4B9F-BB13-C6EFF2E084B3}"
EndProject
Global
	GlobalSection(SolutionConfigurationPlatforms) = preSolution
		Debug|Any CPU = Debug|Any CPU
		Release|Any CPU = Release|Any CPU
	EndGlobalSection
	GlobalSection(ProjectConfigurationPlatforms) = postSolution
		{FC4B06C2-C0C1-4B9F-BB13-C6EFF2E084B3}.Debug|Any CPU.ActiveCfg = Debug|Any CPU
		{FC4B06C2-C0C1-4B9F-BB13-C6EFF2E084B3}.Debug|Any CPU.Build.0 = Debug|Any CPU
		{FC4B06C2-C0C1-4B9F-BB13-C6EFF2E084B3}.Release|Any CPU.ActiveCfg = Release|Any CPU
		{FC4B06C2-C0C1-4B9F-BB13-C6EFF2E084B3}.Release|Any CPU.Build.0 = Release|Any CPU
	EndGlobalSection
EndGlobal
